
Microsoft Visual Studio Solution File, Format Version 12.00
# Visual Studio 15
VisualStudioVersion = 15.0.28307.960
MinimumVisualStudioVersion = 10.0.40219.1
Project("{FAE04EC0-301F-11D3-BF4B-00C04F79EFBC}") = "StudentsWebAPI.Web", "StudentsWebAPI\StudentsWebAPI.Web.csproj", "{2D24BC93-95A4-48B4-A0C6-04DD05E860A4}"
EndProject
Project("{FAE04EC0-301F-11D3-BF4B-00C04F79EFBC}") = "StudentsWebAPI.Data", "StudentsWebAPI.Data\StudentsWebAPI.Data.csproj", "{AFF8AFC7-3FB3-4BDB-A13B-03B1F9DF525F}"
EndProject
Project("{FAE04EC0-301F-11D3-BF4B-00C04F79EFBC}") = "StudentsWebAPI.Business", "StudentsWebAPI.Business\StudentsWebAPI.Business.csproj", "{2F3F1716-9FBE-4AC7-BA39-4076235F97D4}"
EndProject
Global
	GlobalSection(SolutionConfigurationPlatforms) = preSolution
		Debug|Any CPU = Debug|Any CPU
		Release|Any CPU = Release|Any CPU
	EndGlobalSection
	GlobalSection(ProjectConfigurationPlatforms) = postSolution
		{2D24BC93-95A4-48B4-A0C6-04DD05E860A4}.Debug|Any CPU.ActiveCfg = Debug|Any CPU
		{2D24BC93-95A4-48B4-A0C6-04DD05E860A4}.Debug|Any CPU.Build.0 = Debug|Any CPU
		{2D24BC93-95A4-48B4-A0C6-04DD05E860A4}.Release|Any CPU.ActiveCfg = Release|Any CPU
		{2D24BC93-95A4-48B4-A0C6-04DD05E860A4}.Release|Any CPU.Build.0 = Release|Any CPU
		{AFF8AFC7-3FB3-4BDB-A13B-03B1F9DF525F}.Debug|Any CPU.ActiveCfg = Debug|Any CPU
		{AFF8AFC7-3FB3-4BDB-A13B-03B1F9DF525F}.Debug|Any CPU.Build.0 = Debug|Any CPU
		{AFF8AFC7-3FB3-4BDB-A13B-03B1F9DF525F}.Release|Any CPU.ActiveCfg = Release|Any CPU
		{AFF8AFC7-3FB3-4BDB-A13B-03B1F9DF525F}.Release|Any CPU.Build.0 = Release|Any CPU
		{2F3F1716-9FBE-4AC7-BA39-4076235F97D4}.Debug|Any CPU.ActiveCfg = Debug|Any CPU
		{2F3F1716-9FBE-4AC7-BA39-4076235F97D4}.Debug|Any CPU.Build.0 = Debug|Any CPU
		{2F3F1716-9FBE-4AC7-BA39-4076235F97D4}.Release|Any CPU.ActiveCfg = Release|Any CPU
		{2F3F1716-9FBE-4AC7-BA39-4076235F97D4}.Release|Any CPU.Build.0 = Release|Any CPU
	EndGlobalSection
	GlobalSection(SolutionProperties) = preSolution
		HideSolutionNode = FALSE
	EndGlobalSection
	GlobalSection(ExtensibilityGlobals) = postSolution
		SolutionGuid = {7B3198E4-9AFC-4743-B775-8898FAAEB635}
	EndGlobalSection
EndGlobal
